{
  "version": 4,
  "terraform_version": "1.1.7",
  "serial": 10,
  "lineage": "9bccb31d-0032-5593-276f-b58b3ac328d8",
  "outputs": {
    "subnet_cidr_blocks": {
      "value": {
        "filter": null,
        "id": "vpc-091cf24d92d10affb",
        "ids": [
          "subnet-01001f8fcd0a1ce05",
          "subnet-0ab4d59a4001e440b",
          "subnet-0e8e7432743e67978"
        ],
        "tags": null,
        "vpc_id": "vpc-091cf24d92d10affb"
      },
      "type": [
        "object",
        {
          "filter": [
            "set",
            [
              "object",
              {
                "name": "string",
                "values": [
                  "set",
                  "string"
                ]
              }
            ]
          ],
          "id": "string",
          "ids": [
            "set",
            "string"
          ],
          "tags": [
            "map",
            "string"
          ],
          "vpc_id": "string"
        }
      ]
    }
  },
  "resources": [
    {
      "mode": "data",
      "type": "aws_subnet_ids",
      "name": "public",
      "provider": "provider[\"registry.terraform.io/hashicorp/aws\"]",
      "instances": [
        {
          "schema_version": 0,
          "attributes": {
            "filter": null,
            "id": "vpc-091cf24d92d10affb",
            "ids": [
              "subnet-01001f8fcd0a1ce05",
              "subnet-0ab4d59a4001e440b",
              "subnet-0e8e7432743e67978"
            ],
            "tags": null,
            "vpc_id": "vpc-091cf24d92d10affb"
          },
          "sensitive_attributes": []
        }
      ]
    },
    {
      "mode": "data",
      "type": "aws_vpc",
      "name": "default",
      "provider": "provider[\"registry.terraform.io/hashicorp/aws\"]",
      "instances": [
        {
          "schema_version": 0,
          "attributes": {
            "arn": "arn:aws:ec2:eu-north-1:442735110534:vpc/vpc-091cf24d92d10affb",
            "cidr_block": "172.31.0.0/16",
            "cidr_block_associations": [
              {
                "association_id": "vpc-cidr-assoc-028a52462e3565e16",
                "cidr_block": "172.31.0.0/16",
                "state": "associated"
              }
            ],
            "default": true,
            "dhcp_options_id": "dopt-08a6790481ab86dc4",
            "enable_dns_hostnames": true,
            "enable_dns_support": true,
            "filter": null,
            "id": "vpc-091cf24d92d10affb",
            "instance_tenancy": "default",
            "ipv6_association_id": "",
            "ipv6_cidr_block": "",
            "main_route_table_id": "rtb-08afc7237f325df20",
            "owner_id": "442735110534",
            "state": null,
            "tags": {}
          },
          "sensitive_attributes": []
        }
      ]
    },
    {
      "mode": "managed",
      "type": "aws_eks_cluster",
      "name": "eks-cluster",
      "provider": "provider[\"registry.terraform.io/hashicorp/aws\"]",
      "instances": [
        {
          "schema_version": 0,
          "attributes": {
            "arn": "arn:aws:eks:eu-north-1:442735110534:cluster/trdl-synch-cluster",
            "certificate_authority": [
              {
                "data": "LS0tLS1CRUdJTiBDRVJUSUZJQ0FURS0tLS0tCk1JSUM1ekNDQWMrZ0F3SUJBZ0lCQURBTkJna3Foa2lHOXcwQkFRc0ZBREFWTVJNd0VRWURWUVFERXdwcmRXSmwKY201bGRHVnpNQjRYRFRJeU1ETXdOekF4TkRrd05Wb1hEVE15TURNd05EQXhORGt3TlZvd0ZURVRNQkVHQTFVRQpBeE1LYTNWaVpYSnVaWFJsY3pDQ0FTSXdEUVlKS29aSWh2Y05BUUVCQlFBRGdnRVBBRENDQVFvQ2dnRUJBTXNICnZzNHhSWFZ2NzBDd09iOUZxdzcvZWVHR204STZ4NDhyQWx0VU1uTDc3MXE3NjFab2E2Z1Jhci84N2QvN3ZubVcKTmNFZzM4KzZDa0h5MEt4V2VoQXpFZ1NWemlmQlZRMUVnNUJYblZsQms5MFRnZFNNaFpaUHo5RUZTNnpiaXdQWQpVMTNpbXpJNUZlbUw2YUdWYjhEOElyak44MlY2UTFBVW5NcUFKK2o0dVNXUnZOZG9aekY5RXVmaURlWTdzODl3CmlKOEJlMmJvS3NyNE5WaXh2ZHFpZlR5eFd0b0R3cTJFR0xQU3lLWGVXdzdjRVppZlVqV3lWY0U5N1h6Y1JUb2IKMHhONitlYnRpSEMweitzOW90WnQ4SU5URWdyUHBlanVsWTB5RGFOR0t6Nnh6d2JwWUFlRHRTamdsbWxlMjVuZwppR2dsLzMvTG9Uak84U2JzR1pzQ0F3RUFBYU5DTUVBd0RnWURWUjBQQVFIL0JBUURBZ0trTUE4R0ExVWRFd0VCCi93UUZNQU1CQWY4d0hRWURWUjBPQkJZRUZNWW5zS1NnWnZDeGE2ZlVFYUhGU00vbDkvNmtNQTBHQ1NxR1NJYjMKRFFFQkN3VUFBNElCQVFBY0lWMW5kTkkwckpmLzhFZE1raVBEY0xCbEIzUm03a3VTdkZNZlN0MUNZSUlZV1czVAo0MlQyTWpDUEFITURqRWwwNTZVeDdPSTM5aGdEYUtiZmNzZXBwM3c1MHBLOXVVcmprYlZYVjBaR2M0MjFUK3orCk1JY2xmVEtaVjBKa2hveHhGV01EVWl2K3ZTall3aDFCR255Vzk1aWpEMityZWNHd2FoR1hLaTVEbkNZSk0vZVYKblZUZktrL01nRUhQTSsyb0ZEcmUzOUVFUTdNRVo2b2xzQmxoOC9LUHhNK1pTcXhlbjRranR4RUg4UUlCbHZOcApGZ2Z2WGRNbCtEUVpvOXBNWXV0T3dPMnBDVEszTkV6Njd2ejZhaEdVN3BEWElhZGJGVlgvYXA4VzJTQmhRZndqCmZKd1VNOU96R3lyditucVJHNDVKWDgzZmQrZ1pNMHFsV3NCSgotLS0tLUVORCBDRVJUSUZJQ0FURS0tLS0tCg=="
              }
            ],
            "created_at": "2022-03-07 01:43:35.278 +0000 UTC",
            "enabled_cluster_log_types": null,
            "encryption_config": [],
            "endpoint": "https://2AAD893856412C9B3E8F6ED2F0FA098D.yl4.eu-north-1.eks.amazonaws.com",
            "id": "trdl-synch-cluster",
            "identity": [
              {
                "oidc": [
                  {
                    "issuer": "https://oidc.eks.eu-north-1.amazonaws.com/id/2AAD893856412C9B3E8F6ED2F0FA098D"
                  }
                ]
              }
            ],
            "kubernetes_network_config": [
              {
                "ip_family": "ipv4",
                "service_ipv4_cidr": "10.100.0.0/16"
              }
            ],
            "name": "trdl-synch-cluster",
            "platform_version": "eks.4",
            "role_arn": "arn:aws:iam::442735110534:role/EKSClusterRole",
            "status": "ACTIVE",
            "tags": null,
            "tags_all": {},
            "timeouts": null,
            "version": "1.21",
            "vpc_config": [
              {
                "cluster_security_group_id": "sg-0233e789cbb1a77e6",
                "endpoint_private_access": false,
                "endpoint_public_access": true,
                "public_access_cidrs": [
                  "0.0.0.0/0"
                ],
                "security_group_ids": null,
                "subnet_ids": [
                  "subnet-01001f8fcd0a1ce05",
                  "subnet-0ab4d59a4001e440b",
                  "subnet-0e8e7432743e67978"
                ],
                "vpc_id": "vpc-091cf24d92d10affb"
              }
            ]
          },
          "sensitive_attributes": [],
          "private": "eyJlMmJmYjczMC1lY2FhLTExZTYtOGY4OC0zNDM2M2JjN2M0YzAiOnsiY3JlYXRlIjoxODAwMDAwMDAwMDAwLCJkZWxldGUiOjkwMDAwMDAwMDAwMCwidXBkYXRlIjozNjAwMDAwMDAwMDAwfX0=",
          "dependencies": [
            "aws_iam_role.EKSClusterRole",
            "aws_iam_role_policy_attachment.AmazonEKSClusterPolicy",
            "data.aws_subnet_ids.public"
          ]
        }
      ]
    },
    {
      "mode": "managed",
      "type": "aws_eks_node_group",
      "name": "node-ec2",
      "provider": "provider[\"registry.terraform.io/hashicorp/aws\"]",
      "instances": [
        {
          "schema_version": 0,
          "attributes": {
            "ami_type": "AL2_x86_64",
            "arn": "arn:aws:eks:eu-north-1:442735110534:nodegroup/trdl-synch-cluster/t3_small-trdl-synch-group/e4bfb10a-4835-99b7-423a-767f9c9c9699",
            "capacity_type": "ON_DEMAND",
            "cluster_name": "trdl-synch-cluster",
            "disk_size": 10,
            "force_update_version": null,
            "id": "trdl-synch-cluster:t3_small-trdl-synch-group",
            "instance_types": [
              "t3.small"
            ],
            "labels": null,
            "launch_template": [],
            "node_group_name": "t3_small-trdl-synch-group",
            "node_group_name_prefix": "",
            "node_role_arn": "arn:aws:iam::442735110534:role/EKSNodeGroupRole",
            "release_version": "1.21.5-20220226",
            "remote_access": [],
            "resources": [
              {
                "autoscaling_groups": [
                  {
                    "name": "eks-t3_small-trdl-synch-group-e4bfb10a-4835-99b7-423a-767f9c9c9699"
                  }
                ],
                "remote_access_security_group_id": ""
              }
            ],
            "scaling_config": [
              {
                "desired_size": 1,
                "max_size": 2,
                "min_size": 1
              }
            ],
            "status": "ACTIVE",
            "subnet_ids": [
              "subnet-01001f8fcd0a1ce05",
              "subnet-0ab4d59a4001e440b",
              "subnet-0e8e7432743e67978"
            ],
            "tags": null,
            "tags_all": {},
            "taint": [],
            "timeouts": null,
            "update_config": [
              {
                "max_unavailable": 1,
                "max_unavailable_percentage": 0
              }
            ],
            "version": "1.21"
          },
          "sensitive_attributes": [],
          "private": "eyJlMmJmYjczMC1lY2FhLTExZTYtOGY4OC0zNDM2M2JjN2M0YzAiOnsiY3JlYXRlIjozNjAwMDAwMDAwMDAwLCJkZWxldGUiOjM2MDAwMDAwMDAwMDAsInVwZGF0ZSI6MzYwMDAwMDAwMDAwMH19",
          "dependencies": [
            "aws_eks_cluster.eks-cluster",
            "aws_iam_role.EKSClusterRole",
            "aws_iam_role.NodeGroupRole",
            "aws_iam_role_policy_attachment.AmazonEC2ContainerRegistryReadOnly",
            "aws_iam_role_policy_attachment.AmazonEKSClusterPolicy",
            "aws_iam_role_policy_attachment.AmazonEKSWorkerNodePolicy",
            "aws_iam_role_policy_attachment.AmazonEKS_CNI_Policy",
            "data.aws_subnet_ids.public"
          ]
        }
      ]
    },
    {
      "mode": "managed",
      "type": "aws_iam_role",
      "name": "EKSClusterRole",
      "provider": "provider[\"registry.terraform.io/hashicorp/aws\"]",
      "instances": [
        {
          "schema_version": 0,
          "attributes": {
            "arn": "arn:aws:iam::442735110534:role/EKSClusterRole",
            "assume_role_policy": "{\"Version\":\"2012-10-17\",\"Statement\":[{\"Effect\":\"Allow\",\"Principal\":{\"Service\":\"eks.amazonaws.com\"},\"Action\":\"sts:AssumeRole\"}]}",
            "create_date": "2022-03-07T01:43:32Z",
            "description": "",
            "force_detach_policies": false,
            "id": "EKSClusterRole",
            "inline_policy": [
              {
                "name": "",
                "policy": ""
              }
            ],
            "managed_policy_arns": [],
            "max_session_duration": 3600,
            "name": "EKSClusterRole",
            "name_prefix": "",
            "path": "/",
            "permissions_boundary": null,
            "tags": null,
            "tags_all": {},
            "unique_id": "AROAWOFIRVGDLIUIXE3ME"
          },
          "sensitive_attributes": [],
          "private": "bnVsbA=="
        }
      ]
    },
    {
      "mode": "managed",
      "type": "aws_iam_role",
      "name": "NodeGroupRole",
      "provider": "provider[\"registry.terraform.io/hashicorp/aws\"]",
      "instances": [
        {
          "schema_version": 0,
          "attributes": {
            "arn": "arn:aws:iam::442735110534:role/EKSNodeGroupRole",
            "assume_role_policy": "{\"Version\":\"2012-10-17\",\"Statement\":[{\"Effect\":\"Allow\",\"Principal\":{\"Service\":\"ec2.amazonaws.com\"},\"Action\":\"sts:AssumeRole\"}]}",
            "create_date": "2022-03-07T01:43:32Z",
            "description": "",
            "force_detach_policies": false,
            "id": "EKSNodeGroupRole",
            "inline_policy": [
              {
                "name": "",
                "policy": ""
              }
            ],
            "managed_policy_arns": [],
            "max_session_duration": 3600,
            "name": "EKSNodeGroupRole",
            "name_prefix": "",
            "path": "/",
            "permissions_boundary": null,
            "tags": null,
            "tags_all": {},
            "unique_id": "AROAWOFIRVGDIQRMOROCC"
          },
          "sensitive_attributes": [],
          "private": "bnVsbA=="
        }
      ]
    },
    {
      "mode": "managed",
      "type": "aws_iam_role_policy_attachment",
      "name": "AmazonEC2ContainerRegistryReadOnly",
      "provider": "provider[\"registry.terraform.io/hashicorp/aws\"]",
      "instances": [
        {
          "schema_version": 0,
          "attributes": {
            "id": "EKSNodeGroupRole-20220307014333582200000002",
            "policy_arn": "arn:aws:iam::aws:policy/AmazonEC2ContainerRegistryReadOnly",
            "role": "EKSNodeGroupRole"
          },
          "sensitive_attributes": [],
          "private": "bnVsbA==",
          "dependencies": [
            "aws_iam_role.NodeGroupRole"
          ]
        }
      ]
    },
    {
      "mode": "managed",
      "type": "aws_iam_role_policy_attachment",
      "name": "AmazonEKSClusterPolicy",
      "provider": "provider[\"registry.terraform.io/hashicorp/aws\"]",
      "instances": [
        {
          "schema_version": 0,
          "attributes": {
            "id": "EKSClusterRole-20220307014333745500000004",
            "policy_arn": "arn:aws:iam::aws:policy/AmazonEKSClusterPolicy",
            "role": "EKSClusterRole"
          },
          "sensitive_attributes": [],
          "private": "bnVsbA==",
          "dependencies": [
            "aws_iam_role.EKSClusterRole"
          ]
        }
      ]
    },
    {
      "mode": "managed",
      "type": "aws_iam_role_policy_attachment",
      "name": "AmazonEKSWorkerNodePolicy",
      "provider": "provider[\"registry.terraform.io/hashicorp/aws\"]",
      "instances": [
        {
          "schema_version": 0,
          "attributes": {
            "id": "EKSNodeGroupRole-20220307014333658200000003",
            "policy_arn": "arn:aws:iam::aws:policy/AmazonEKSWorkerNodePolicy",
            "role": "EKSNodeGroupRole"
          },
          "sensitive_attributes": [],
          "private": "bnVsbA==",
          "dependencies": [
            "aws_iam_role.NodeGroupRole"
          ]
        }
      ]
    },
    {
      "mode": "managed",
      "type": "aws_iam_role_policy_attachment",
      "name": "AmazonEKS_CNI_Policy",
      "provider": "provider[\"registry.terraform.io/hashicorp/aws\"]",
      "instances": [
        {
          "schema_version": 0,
          "attributes": {
            "id": "EKSNodeGroupRole-20220307014333495900000001",
            "policy_arn": "arn:aws:iam::aws:policy/AmazonEKS_CNI_Policy",
            "role": "EKSNodeGroupRole"
          },
          "sensitive_attributes": [],
          "private": "bnVsbA==",
          "dependencies": [
            "aws_iam_role.NodeGroupRole"
          ]
        }
      ]
    }
  ]
}
